
Microsoft Visual Studio Solution File, Format Version 12.00
# Visual Studio Version 17
VisualStudioVersion = 17.4.33213.308
MinimumVisualStudioVersion = 10.0.40219.1
Project("{FAE04EC0-301F-11D3-BF4B-00C04F79EFBC}") = "Game", "Game\Game.csproj", "{B30ED955-95FA-47C7-A0C7-D1A856678B3F}"
EndProject
Global
	GlobalSection(SolutionConfigurationPlatforms) = preSolution
		Debug|Any CPU = Debug|Any CPU
		Release|Any CPU = Release|Any CPU
	EndGlobalSection
	GlobalSection(ProjectConfigurationPlatforms) = postSolution
		{B30ED955-95FA-47C7-A0C7-D1A856678B3F}.Debug|Any CPU.ActiveCfg = Debug|Any CPU
		{B30ED955-95FA-47C7-A0C7-D1A856678B3F}.Debug|Any CPU.Build.0 = Debug|Any CPU
		{B30ED955-95FA-47C7-A0C7-D1A856678B3F}.Release|Any CPU.ActiveCfg = Release|Any CPU
		{B30ED955-95FA-47C7-A0C7-D1A856678B3F}.Release|Any CPU.Build.0 = Release|Any CPU
	EndGlobalSection
	GlobalSection(SolutionProperties) = preSolution
		HideSolutionNode = FALSE
	EndGlobalSection
	GlobalSection(ExtensibilityGlobals) = postSolution
		SolutionGuid = {1E08AF77-903A-45BD-9F00-758C8C24F6B7}
	EndGlobalSection
EndGlobal
